
Microsoft Visual Studio Solution File, Format Version 12.00
# Visual Studio Version 16
VisualStudioVersion = 16.0.31205.134
MinimumVisualStudioVersion = 10.0.40219.1
Project("{FAE04EC0-301F-11D3-BF4B-00C04F79EFBC}") = "CompanyService", "CompanyService\CompanyService.csproj", "{0566C6F8-D0DC-4E89-8565-1B4AE849A30B}"
EndProject
Global
	GlobalSection(SolutionConfigurationPlatforms) = preSolution
		Debug|Any CPU = Debug|Any CPU
		Release|Any CPU = Release|Any CPU
	EndGlobalSection
	GlobalSection(ProjectConfigurationPlatforms) = postSolution
		{0566C6F8-D0DC-4E89-8565-1B4AE849A30B}.Debug|Any CPU.ActiveCfg = Debug|Any CPU
		{0566C6F8-D0DC-4E89-8565-1B4AE849A30B}.Debug|Any CPU.Build.0 = Debug|Any CPU
		{0566C6F8-D0DC-4E89-8565-1B4AE849A30B}.Release|Any CPU.ActiveCfg = Release|Any CPU
		{0566C6F8-D0DC-4E89-8565-1B4AE849A30B}.Release|Any CPU.Build.0 = Release|Any CPU
	EndGlobalSection
	GlobalSection(SolutionProperties) = preSolution
		HideSolutionNode = FALSE
	EndGlobalSection
	GlobalSection(ExtensibilityGlobals) = postSolution
		SolutionGuid = {68EF7EFF-AD8C-4BD1-8298-4BA5B2885392}
	EndGlobalSection
EndGlobal
